
Microsoft Visual Studio Solution File, Format Version 12.00
# Visual Studio Version 16
VisualStudioVersion = 16.0.30413.136
MinimumVisualStudioVersion = 10.0.40219.1
Project("{9A19103F-16F7-4668-BE54-9A1E7A4F7556}") = "C1_WriteLine", "C1_WriteLine\C1_WriteLine.csproj", "{00752946-A9FB-490E-B48B-9204518CBB06}"
EndProject
Project("{9A19103F-16F7-4668-BE54-9A1E7A4F7556}") = "C2_ReadLine", "C2_ReadLine\C2_ReadLine.csproj", "{8B813422-9E94-451A-B849-BF61515FA9F3}"
EndProject
Project("{9A19103F-16F7-4668-BE54-9A1E7A4F7556}") = "C3_WithAClass", "C3_WithAClass\C3_WithAClass.csproj", "{8B877007-E09B-47EC-9CA6-DE6419009B2F}"
EndProject
Project("{9A19103F-16F7-4668-BE54-9A1E7A4F7556}") = "C4_WithMethods", "WithMethods\C4_WithMethods.csproj", "{2679ED52-CFBF-4504-A0D1-C260486E905F}"
EndProject
Project("{9A19103F-16F7-4668-BE54-9A1E7A4F7556}") = "C5_WithAgeCalculation", "C5_WithAgeCalculation\C5_WithAgeCalculation.csproj", "{CA622B33-6B28-4425-AD60-A19E39944D0B}"
EndProject
Project("{9A19103F-16F7-4668-BE54-9A1E7A4F7556}") = "C6_GettersAndSetters", "C6_GettersAndSetters\C6_GettersAndSetters.csproj", "{97F4B35F-9D28-4C80-8C66-A9A23D607D04}"
EndProject
Project("{9A19103F-16F7-4668-BE54-9A1E7A4F7556}") = "C7_GettersAndSettersV2", "C7_GettersAndSettersV2\C7_GettersAndSettersV2.csproj", "{8436DD42-CF75-46AF-8392-535A98C68738}"
EndProject
Project("{9A19103F-16F7-4668-BE54-9A1E7A4F7556}") = "C8_Arrays", "C8_Arrays\C8_Arrays.csproj", "{EC9CE485-5D10-4787-AD11-221B360872D5}"
EndProject
Project("{9A19103F-16F7-4668-BE54-9A1E7A4F7556}") = "C9_Lists", "C9_Lists\C9_Lists.csproj", "{15BCE350-D875-4EB5-BC3D-E3C31C585AFA}"
EndProject
Project("{9A19103F-16F7-4668-BE54-9A1E7A4F7556}") = "C10_PracticeConsole", "C10_PracticeConsole\C10_PracticeConsole.csproj", "{90D1313B-3287-497A-A956-BF1608E11792}"
EndProject
Project("{FAE04EC0-301F-11D3-BF4B-00C04F79EFBC}") = "C11_Struct", "C11_Struct\C11_Struct.csproj", "{BA0A2027-8C06-4538-9591-D7D3A9F0068B}"
EndProject
Project("{FAE04EC0-301F-11D3-BF4B-00C04F79EFBC}") = "C12_Enum", "C12_Enum\C12_Enum.csproj", "{021FAAD9-BAAE-4E4B-AF20-F051C0126614}"
EndProject
Project("{FAE04EC0-301F-11D3-BF4B-00C04F79EFBC}") = "C13_Interfaces_1", "C13_Interfaces_1\C13_Interfaces_1.csproj", "{97C469CB-1F2F-492E-B42D-21AB675965DF}"
EndProject
Project("{FAE04EC0-301F-11D3-BF4B-00C04F79EFBC}") = "C14_Interfaces_2", "C14_Interfaces_2\C14_Interfaces_2.csproj", "{2931E158-6013-4108-ADA2-B524904E5E2A}"
EndProject
Project("{FAE04EC0-301F-11D3-BF4B-00C04F79EFBC}") = "C15_Abstract_1", "C15_Abstract_1\C15_Abstract_1.csproj", "{D7333FB0-0326-4D71-BDD7-11C0A5809B8D}"
EndProject
Project("{FAE04EC0-301F-11D3-BF4B-00C04F79EFBC}") = "C16_Abstract_2", "C16_Abstract_2\C16_Abstract_2.csproj", "{FC991055-4C41-482C-ABB3-057F72901E6D}"
EndProject
Project("{FAE04EC0-301F-11D3-BF4B-00C04F79EFBC}") = "C17_WorkerService", "C17_WorkerService\C17_WorkerService.csproj", "{726B7E76-36D6-4D70-973E-BFC593D85136}"
EndProject
Global
	GlobalSection(SolutionConfigurationPlatforms) = preSolution
		Debug|Any CPU = Debug|Any CPU
		Debug|ARM = Debug|ARM
		Debug|ARM64 = Debug|ARM64
		Debug|x64 = Debug|x64
		Debug|x86 = Debug|x86
		Release|Any CPU = Release|Any CPU
		Release|ARM = Release|ARM
		Release|ARM64 = Release|ARM64
		Release|x64 = Release|x64
		Release|x86 = Release|x86
	EndGlobalSection
	GlobalSection(ProjectConfigurationPlatforms) = postSolution
		{00752946-A9FB-490E-B48B-9204518CBB06}.Debug|Any CPU.ActiveCfg = Debug|Any CPU
		{00752946-A9FB-490E-B48B-9204518CBB06}.Debug|Any CPU.Build.0 = Debug|Any CPU
		{00752946-A9FB-490E-B48B-9204518CBB06}.Debug|ARM.ActiveCfg = Debug|Any CPU
		{00752946-A9FB-490E-B48B-9204518CBB06}.Debug|ARM.Build.0 = Debug|Any CPU
		{00752946-A9FB-490E-B48B-9204518CBB06}.Debug|ARM64.ActiveCfg = Debug|Any CPU
		{00752946-A9FB-490E-B48B-9204518CBB06}.Debug|ARM64.Build.0 = Debug|Any CPU
		{00752946-A9FB-490E-B48B-9204518CBB06}.Debug|x64.ActiveCfg = Debug|Any CPU
		{00752946-A9FB-490E-B48B-9204518CBB06}.Debug|x64.Build.0 = Debug|Any CPU
		{00752946-A9FB-490E-B48B-9204518CBB06}.Debug|x86.ActiveCfg = Debug|Any CPU
		{00752946-A9FB-490E-B48B-9204518CBB06}.Debug|x86.Build.0 = Debug|Any CPU
		{00752946-A9FB-490E-B48B-9204518CBB06}.Release|Any CPU.ActiveCfg = Release|Any CPU
		{00752946-A9FB-490E-B48B-9204518CBB06}.Release|Any CPU.Build.0 = Release|Any CPU
		{00752946-A9FB-490E-B48B-9204518CBB06}.Release|ARM.ActiveCfg = Release|Any CPU
		{00752946-A9FB-490E-B48B-9204518CBB06}.Release|ARM.Build.0 = Release|Any CPU
		{00752946-A9FB-490E-B48B-9204518CBB06}.Release|ARM64.ActiveCfg = Release|Any CPU
		{00752946-A9FB-490E-B48B-9204518CBB06}.Release|ARM64.Build.0 = Release|Any CPU
		{00752946-A9FB-490E-B48B-9204518CBB06}.Release|x64.ActiveCfg = Release|Any CPU
		{00752946-A9FB-490E-B48B-9204518CBB06}.Release|x64.Build.0 = Release|Any CPU
		{00752946-A9FB-490E-B48B-9204518CBB06}.Release|x86.ActiveCfg = Release|Any CPU
		{00752946-A9FB-490E-B48B-9204518CBB06}.Release|x86.Build.0 = Release|Any CPU
		{8B813422-9E94-451A-B849-BF61515FA9F3}.Debug|Any CPU.ActiveCfg = Debug|Any CPU
		{8B813422-9E94-451A-B849-BF61515FA9F3}.Debug|Any CPU.Build.0 = Debug|Any CPU
		{8B813422-9E94-451A-B849-BF61515FA9F3}.Debug|ARM.ActiveCfg = Debug|Any CPU
		{8B813422-9E94-451A-B849-BF61515FA9F3}.Debug|ARM.Build.0 = Debug|Any CPU
		{8B813422-9E94-451A-B849-BF61515FA9F3}.Debug|ARM64.ActiveCfg = Debug|Any CPU
		{8B813422-9E94-451A-B849-BF61515FA9F3}.Debug|ARM64.Build.0 = Debug|Any CPU
		{8B813422-9E94-451A-B849-BF61515FA9F3}.Debug|x64.ActiveCfg = Debug|Any CPU
		{8B813422-9E94-451A-B849-BF61515FA9F3}.Debug|x64.Build.0 = Debug|Any CPU
		{8B813422-9E94-451A-B849-BF61515FA9F3}.Debug|x86.ActiveCfg = Debug|Any CPU
		{8B813422-9E94-451A-B849-BF61515FA9F3}.Debug|x86.Build.0 = Debug|Any CPU
		{8B813422-9E94-451A-B849-BF61515FA9F3}.Release|Any CPU.ActiveCfg = Release|Any CPU
		{8B813422-9E94-451A-B849-BF61515FA9F3}.Release|Any CPU.Build.0 = Release|Any CPU
		{8B813422-9E94-451A-B849-BF61515FA9F3}.Release|ARM.ActiveCfg = Release|Any CPU
		{8B813422-9E94-451A-B849-BF61515FA9F3}.Release|ARM.Build.0 = Release|Any CPU
		{8B813422-9E94-451A-B849-BF61515FA9F3}.Release|ARM64.ActiveCfg = Release|Any CPU
		{8B813422-9E94-451A-B849-BF61515FA9F3}.Release|ARM64.Build.0 = Release|Any CPU
		{8B813422-9E94-451A-B849-BF61515FA9F3}.Release|x64.ActiveCfg = Release|Any CPU
		{8B813422-9E94-451A-B849-BF61515FA9F3}.Release|x64.Build.0 = Release|Any CPU
		{8B813422-9E94-451A-B849-BF61515FA9F3}.Release|x86.ActiveCfg = Release|Any CPU
		{8B813422-9E94-451A-B849-BF61515FA9F3}.Release|x86.Build.0 = Release|Any CPU
		{8B877007-E09B-47EC-9CA6-DE6419009B2F}.Debug|Any CPU.ActiveCfg = Debug|Any CPU
		{8B877007-E09B-47EC-9CA6-DE6419009B2F}.Debug|Any CPU.Build.0 = Debug|Any CPU
		{8B877007-E09B-47EC-9CA6-DE6419009B2F}.Debug|ARM.ActiveCfg = Debug|Any CPU
		{8B877007-E09B-47EC-9CA6-DE6419009B2F}.Debug|ARM.Build.0 = Debug|Any CPU
		{8B877007-E09B-47EC-9CA6-DE6419009B2F}.Debug|ARM64.ActiveCfg = Debug|Any CPU
		{8B877007-E09B-47EC-9CA6-DE6419009B2F}.Debug|ARM64.Build.0 = Debug|Any CPU
		{8B877007-E09B-47EC-9CA6-DE6419009B2F}.Debug|x64.ActiveCfg = Debug|Any CPU
		{8B877007-E09B-47EC-9CA6-DE6419009B2F}.Debug|x64.Build.0 = Debug|Any CPU
		{8B877007-E09B-47EC-9CA6-DE6419009B2F}.Debug|x86.ActiveCfg = Debug|Any CPU
		{8B877007-E09B-47EC-9CA6-DE6419009B2F}.Debug|x86.Build.0 = Debug|Any CPU
		{8B877007-E09B-47EC-9CA6-DE6419009B2F}.Release|Any CPU.ActiveCfg = Release|Any CPU
		{8B877007-E09B-47EC-9CA6-DE6419009B2F}.Release|Any CPU.Build.0 = Release|Any CPU
		{8B877007-E09B-47EC-9CA6-DE6419009B2F}.Release|ARM.ActiveCfg = Release|Any CPU
		{8B877007-E09B-47EC-9CA6-DE6419009B2F}.Release|ARM.Build.0 = Release|Any CPU
		{8B877007-E09B-47EC-9CA6-DE6419009B2F}.Release|ARM64.ActiveCfg = Release|Any CPU
		{8B877007-E09B-47EC-9CA6-DE6419009B2F}.Release|ARM64.Build.0 = Release|Any CPU
		{8B877007-E09B-47EC-9CA6-DE6419009B2F}.Release|x64.ActiveCfg = Release|Any CPU
		{8B877007-E09B-47EC-9CA6-DE6419009B2F}.Release|x64.Build.0 = Release|Any CPU
		{8B877007-E09B-47EC-9CA6-DE6419009B2F}.Release|x86.ActiveCfg = Release|Any CPU
		{8B877007-E09B-47EC-9CA6-DE6419009B2F}.Release|x86.Build.0 = Release|Any CPU
		{2679ED52-CFBF-4504-A0D1-C260486E905F}.Debug|Any CPU.ActiveCfg = Debug|Any CPU
		{2679ED52-CFBF-4504-A0D1-C260486E905F}.Debug|Any CPU.Build.0 = Debug|Any CPU
		{2679ED52-CFBF-4504-A0D1-C260486E905F}.Debug|ARM.ActiveCfg = Debug|Any CPU
		{2679ED52-CFBF-4504-A0D1-C260486E905F}.Debug|ARM.Build.0 = Debug|Any CPU
		{2679ED52-CFBF-4504-A0D1-C260486E905F}.Debug|ARM64.ActiveCfg = Debug|Any CPU
		{2679ED52-CFBF-4504-A0D1-C260486E905F}.Debug|ARM64.Build.0 = Debug|Any CPU
		{2679ED52-CFBF-4504-A0D1-C260486E905F}.Debug|x64.ActiveCfg = Debug|Any CPU
		{2679ED52-CFBF-4504-A0D1-C260486E905F}.Debug|x64.Build.0 = Debug|Any CPU
		{2679ED52-CFBF-4504-A0D1-C260486E905F}.Debug|x86.ActiveCfg = Debug|Any CPU
		{2679ED52-CFBF-4504-A0D1-C260486E905F}.Debug|x86.Build.0 = Debug|Any CPU
		{2679ED52-CFBF-4504-A0D1-C260486E905F}.Release|Any CPU.ActiveCfg = Release|Any CPU
		{2679ED52-CFBF-4504-A0D1-C260486E905F}.Release|Any CPU.Build.0 = Release|Any CPU
		{2679ED52-CFBF-4504-A0D1-C260486E905F}.Release|ARM.ActiveCfg = Release|Any CPU
		{2679ED52-CFBF-4504-A0D1-C260486E905F}.Release|ARM.Build.0 = Release|Any CPU
		{2679ED52-CFBF-4504-A0D1-C260486E905F}.Release|ARM64.ActiveCfg = Release|Any CPU
		{2679ED52-CFBF-4504-A0D1-C260486E905F}.Release|ARM64.Build.0 = Release|Any CPU
		{2679ED52-CFBF-4504-A0D1-C260486E905F}.Release|x64.ActiveCfg = Release|Any CPU
		{2679ED52-CFBF-4504-A0D1-C260486E905F}.Release|x64.Build.0 = Release|Any CPU
		{2679ED52-CFBF-4504-A0D1-C260486E905F}.Release|x86.ActiveCfg = Release|Any CPU
		{2679ED52-CFBF-4504-A0D1-C260486E905F}.Release|x86.Build.0 = Release|Any CPU
		{CA622B33-6B28-4425-AD60-A19E39944D0B}.Debug|Any CPU.ActiveCfg = Debug|Any CPU
		{CA622B33-6B28-4425-AD60-A19E39944D0B}.Debug|Any CPU.Build.0 = Debug|Any CPU
		{CA622B33-6B28-4425-AD60-A19E39944D0B}.Debug|ARM.ActiveCfg = Debug|Any CPU
		{CA622B33-6B28-4425-AD60-A19E39944D0B}.Debug|ARM.Build.0 = Debug|Any CPU
		{CA622B33-6B28-4425-AD60-A19E39944D0B}.Debug|ARM64.ActiveCfg = Debug|Any CPU
		{CA622B33-6B28-4425-AD60-A19E39944D0B}.Debug|ARM64.Build.0 = Debug|Any CPU
		{CA622B33-6B28-4425-AD60-A19E39944D0B}.Debug|x64.ActiveCfg = Debug|Any CPU
		{CA622B33-6B28-4425-AD60-A19E39944D0B}.Debug|x64.Build.0 = Debug|Any CPU
		{CA622B33-6B28-4425-AD60-A19E39944D0B}.Debug|x86.ActiveCfg = Debug|Any CPU
		{CA622B33-6B28-4425-AD60-A19E39944D0B}.Debug|x86.Build.0 = Debug|Any CPU
		{CA622B33-6B28-4425-AD60-A19E39944D0B}.Release|Any CPU.ActiveCfg = Release|Any CPU
		{CA622B33-6B28-4425-AD60-A19E39944D0B}.Release|Any CPU.Build.0 = Release|Any CPU
		{CA622B33-6B28-4425-AD60-A19E39944D0B}.Release|ARM.ActiveCfg = Release|Any CPU
		{CA622B33-6B28-4425-AD60-A19E39944D0B}.Release|ARM.Build.0 = Release|Any CPU
		{CA622B33-6B28-4425-AD60-A19E39944D0B}.Release|ARM64.ActiveCfg = Release|Any CPU
		{CA622B33-6B28-4425-AD60-A19E39944D0B}.Release|ARM64.Build.0 = Release|Any CPU
		{CA622B33-6B28-4425-AD60-A19E39944D0B}.Release|x64.ActiveCfg = Release|Any CPU
		{CA622B33-6B28-4425-AD60-A19E39944D0B}.Release|x64.Build.0 = Release|Any CPU
		{CA622B33-6B28-4425-AD60-A19E39944D0B}.Release|x86.ActiveCfg = Release|Any CPU
		{CA622B33-6B28-4425-AD60-A19E39944D0B}.Release|x86.Build.0 = Release|Any CPU
		{97F4B35F-9D28-4C80-8C66-A9A23D607D04}.Debug|Any CPU.ActiveCfg = Debug|Any CPU
		{97F4B35F-9D28-4C80-8C66-A9A23D607D04}.Debug|Any CPU.Build.0 = Debug|Any CPU
		{97F4B35F-9D28-4C80-8C66-A9A23D607D04}.Debug|ARM.ActiveCfg = Debug|Any CPU
		{97F4B35F-9D28-4C80-8C66-A9A23D607D04}.Debug|ARM.Build.0 = Debug|Any CPU
		{97F4B35F-9D28-4C80-8C66-A9A23D607D04}.Debug|ARM64.ActiveCfg = Debug|Any CPU
		{97F4B35F-9D28-4C80-8C66-A9A23D607D04}.Debug|ARM64.Build.0 = Debug|Any CPU
		{97F4B35F-9D28-4C80-8C66-A9A23D607D04}.Debug|x64.ActiveCfg = Debug|Any CPU
		{97F4B35F-9D28-4C80-8C66-A9A23D607D04}.Debug|x64.Build.0 = Debug|Any CPU
		{97F4B35F-9D28-4C80-8C66-A9A23D607D04}.Debug|x86.ActiveCfg = Debug|Any CPU
		{97F4B35F-9D28-4C80-8C66-A9A23D607D04}.Debug|x86.Build.0 = Debug|Any CPU
		{97F4B35F-9D28-4C80-8C66-A9A23D607D04}.Release|Any CPU.ActiveCfg = Release|Any CPU
		{97F4B35F-9D28-4C80-8C66-A9A23D607D04}.Release|Any CPU.Build.0 = Release|Any CPU
		{97F4B35F-9D28-4C80-8C66-A9A23D607D04}.Release|ARM.ActiveCfg = Release|Any CPU
		{97F4B35F-9D28-4C80-8C66-A9A23D607D04}.Release|ARM.Build.0 = Release|Any CPU
		{97F4B35F-9D28-4C80-8C66-A9A23D607D04}.Release|ARM64.ActiveCfg = Release|Any CPU
		{97F4B35F-9D28-4C80-8C66-A9A23D607D04}.Release|ARM64.Build.0 = Release|Any CPU
		{97F4B35F-9D28-4C80-8C66-A9A23D607D04}.Release|x64.ActiveCfg = Release|Any CPU
		{97F4B35F-9D28-4C80-8C66-A9A23D607D04}.Release|x64.Build.0 = Release|Any CPU
		{97F4B35F-9D28-4C80-8C66-A9A23D607D04}.Release|x86.ActiveCfg = Release|Any CPU
		{97F4B35F-9D28-4C80-8C66-A9A23D607D04}.Release|x86.Build.0 = Release|Any CPU
		{8436DD42-CF75-46AF-8392-535A98C68738}.Debug|Any CPU.ActiveCfg = Debug|Any CPU
		{8436DD42-CF75-46AF-8392-535A98C68738}.Debug|Any CPU.Build.0 = Debug|Any CPU
		{8436DD42-CF75-46AF-8392-535A98C68738}.Debug|ARM.ActiveCfg = Debug|Any CPU
		{8436DD42-CF75-46AF-8392-535A98C68738}.Debug|ARM.Build.0 = Debug|Any CPU
		{8436DD42-CF75-46AF-8392-535A98C68738}.Debug|ARM64.ActiveCfg = Debug|Any CPU
		{8436DD42-CF75-46AF-8392-535A98C68738}.Debug|ARM64.Build.0 = Debug|Any CPU
		{8436DD42-CF75-46AF-8392-535A98C68738}.Debug|x64.ActiveCfg = Debug|Any CPU
		{8436DD42-CF75-46AF-8392-535A98C68738}.Debug|x64.Build.0 = Debug|Any CPU
		{8436DD42-CF75-46AF-8392-535A98C68738}.Debug|x86.ActiveCfg = Debug|Any CPU
		{8436DD42-CF75-46AF-8392-535A98C68738}.Debug|x86.Build.0 = Debug|Any CPU
		{8436DD42-CF75-46AF-8392-535A98C68738}.Release|Any CPU.ActiveCfg = Release|Any CPU
		{8436DD42-CF75-46AF-8392-535A98C68738}.Release|Any CPU.Build.0 = Release|Any CPU
		{8436DD42-CF75-46AF-8392-535A98C68738}.Release|ARM.ActiveCfg = Release|Any CPU
		{8436DD42-CF75-46AF-8392-535A98C68738}.Release|ARM.Build.0 = Release|Any CPU
		{8436DD42-CF75-46AF-8392-535A98C68738}.Release|ARM64.ActiveCfg = Release|Any CPU
		{8436DD42-CF75-46AF-8392-535A98C68738}.Release|ARM64.Build.0 = Release|Any CPU
		{8436DD42-CF75-46AF-8392-535A98C68738}.Release|x64.ActiveCfg = Release|Any CPU
		{8436DD42-CF75-46AF-8392-535A98C68738}.Release|x64.Build.0 = Release|Any CPU
		{8436DD42-CF75-46AF-8392-535A98C68738}.Release|x86.ActiveCfg = Release|Any CPU
		{8436DD42-CF75-46AF-8392-535A98C68738}.Release|x86.Build.0 = Release|Any CPU
		{EC9CE485-5D10-4787-AD11-221B360872D5}.Debug|Any CPU.ActiveCfg = Debug|Any CPU
		{EC9CE485-5D10-4787-AD11-221B360872D5}.Debug|Any CPU.Build.0 = Debug|Any CPU
		{EC9CE485-5D10-4787-AD11-221B360872D5}.Debug|ARM.ActiveCfg = Debug|Any CPU
		{EC9CE485-5D10-4787-AD11-221B360872D5}.Debug|ARM.Build.0 = Debug|Any CPU
		{EC9CE485-5D10-4787-AD11-221B360872D5}.Debug|ARM64.ActiveCfg = Debug|Any CPU
		{EC9CE485-5D10-4787-AD11-221B360872D5}.Debug|ARM64.Build.0 = Debug|Any CPU
		{EC9CE485-5D10-4787-AD11-221B360872D5}.Debug|x64.ActiveCfg = Debug|Any CPU
		{EC9CE485-5D10-4787-AD11-221B360872D5}.Debug|x64.Build.0 = Debug|Any CPU
		{EC9CE485-5D10-4787-AD11-221B360872D5}.Debug|x86.ActiveCfg = Debug|Any CPU
		{EC9CE485-5D10-4787-AD11-221B360872D5}.Debug|x86.Build.0 = Debug|Any CPU
		{EC9CE485-5D10-4787-AD11-221B360872D5}.Release|Any CPU.ActiveCfg = Release|Any CPU
		{EC9CE485-5D10-4787-AD11-221B360872D5}.Release|Any CPU.Build.0 = Release|Any CPU
		{EC9CE485-5D10-4787-AD11-221B360872D5}.Release|ARM.ActiveCfg = Release|Any CPU
		{EC9CE485-5D10-4787-AD11-221B360872D5}.Release|ARM.Build.0 = Release|Any CPU
		{EC9CE485-5D10-4787-AD11-221B360872D5}.Release|ARM64.ActiveCfg = Release|Any CPU
		{EC9CE485-5D10-4787-AD11-221B360872D5}.Release|ARM64.Build.0 = Release|Any CPU
		{EC9CE485-5D10-4787-AD11-221B360872D5}.Release|x64.ActiveCfg = Release|Any CPU
		{EC9CE485-5D10-4787-AD11-221B360872D5}.Release|x64.Build.0 = Release|Any CPU
		{EC9CE485-5D10-4787-AD11-221B360872D5}.Release|x86.ActiveCfg = Release|Any CPU
		{EC9CE485-5D10-4787-AD11-221B360872D5}.Release|x86.Build.0 = Release|Any CPU
		{15BCE350-D875-4EB5-BC3D-E3C31C585AFA}.Debug|Any CPU.ActiveCfg = Debug|Any CPU
		{15BCE350-D875-4EB5-BC3D-E3C31C585AFA}.Debug|Any CPU.Build.0 = Debug|Any CPU
		{15BCE350-D875-4EB5-BC3D-E3C31C585AFA}.Debug|ARM.ActiveCfg = Debug|Any CPU
		{15BCE350-D875-4EB5-BC3D-E3C31C585AFA}.Debug|ARM.Build.0 = Debug|Any CPU
		{15BCE350-D875-4EB5-BC3D-E3C31C585AFA}.Debug|ARM64.ActiveCfg = Debug|Any CPU
		{15BCE350-D875-4EB5-BC3D-E3C31C585AFA}.Debug|ARM64.Build.0 = Debug|Any CPU
		{15BCE350-D875-4EB5-BC3D-E3C31C585AFA}.Debug|x64.ActiveCfg = Debug|Any CPU
		{15BCE350-D875-4EB5-BC3D-E3C31C585AFA}.Debug|x64.Build.0 = Debug|Any CPU
		{15BCE350-D875-4EB5-BC3D-E3C31C585AFA}.Debug|x86.ActiveCfg = Debug|Any CPU
		{15BCE350-D875-4EB5-BC3D-E3C31C585AFA}.Debug|x86.Build.0 = Debug|Any CPU
		{15BCE350-D875-4EB5-BC3D-E3C31C585AFA}.Release|Any CPU.ActiveCfg = Release|Any CPU
		{15BCE350-D875-4EB5-BC3D-E3C31C585AFA}.Release|Any CPU.Build.0 = Release|Any CPU
		{15BCE350-D875-4EB5-BC3D-E3C31C585AFA}.Release|ARM.ActiveCfg = Release|Any CPU
		{15BCE350-D875-4EB5-BC3D-E3C31C585AFA}.Release|ARM.Build.0 = Release|Any CPU
		{15BCE350-D875-4EB5-BC3D-E3C31C585AFA}.Release|ARM64.ActiveCfg = Release|Any CPU
		{15BCE350-D875-4EB5-BC3D-E3C31C585AFA}.Release|ARM64.Build.0 = Release|Any CPU
		{15BCE350-D875-4EB5-BC3D-E3C31C585AFA}.Release|x64.ActiveCfg = Release|Any CPU
		{15BCE350-D875-4EB5-BC3D-E3C31C585AFA}.Release|x64.Build.0 = Release|Any CPU
		{15BCE350-D875-4EB5-BC3D-E3C31C585AFA}.Release|x86.ActiveCfg = Release|Any CPU
		{15BCE350-D875-4EB5-BC3D-E3C31C585AFA}.Release|x86.Build.0 = Release|Any CPU
		{90D1313B-3287-497A-A956-BF1608E11792}.Debug|Any CPU.ActiveCfg = Debug|Any CPU
		{90D1313B-3287-497A-A956-BF1608E11792}.Debug|Any CPU.Build.0 = Debug|Any CPU
		{90D1313B-3287-497A-A956-BF1608E11792}.Debug|ARM.ActiveCfg = Debug|Any CPU
		{90D1313B-3287-497A-A956-BF1608E11792}.Debug|ARM.Build.0 = Debug|Any CPU
		{90D1313B-3287-497A-A956-BF1608E11792}.Debug|ARM64.ActiveCfg = Debug|Any CPU
		{90D1313B-3287-497A-A956-BF1608E11792}.Debug|ARM64.Build.0 = Debug|Any CPU
		{90D1313B-3287-497A-A956-BF1608E11792}.Debug|x64.ActiveCfg = Debug|Any CPU
		{90D1313B-3287-497A-A956-BF1608E11792}.Debug|x64.Build.0 = Debug|Any CPU
		{90D1313B-3287-497A-A956-BF1608E11792}.Debug|x86.ActiveCfg = Debug|Any CPU
		{90D1313B-3287-497A-A956-BF1608E11792}.Debug|x86.Build.0 = Debug|Any CPU
		{90D1313B-3287-497A-A956-BF1608E11792}.Release|Any CPU.ActiveCfg = Release|Any CPU
		{90D1313B-3287-497A-A956-BF1608E11792}.Release|Any CPU.Build.0 = Release|Any CPU
		{90D1313B-3287-497A-A956-BF1608E11792}.Release|ARM.ActiveCfg = Release|Any CPU
		{90D1313B-3287-497A-A956-BF1608E11792}.Release|ARM.Build.0 = Release|Any CPU
		{90D1313B-3287-497A-A956-BF1608E11792}.Release|ARM64.ActiveCfg = Release|Any CPU
		{90D1313B-3287-497A-A956-BF1608E11792}.Release|ARM64.Build.0 = Release|Any CPU
		{90D1313B-3287-497A-A956-BF1608E11792}.Release|x64.ActiveCfg = Release|Any CPU
		{90D1313B-3287-497A-A956-BF1608E11792}.Release|x64.Build.0 = Release|Any CPU
		{90D1313B-3287-497A-A956-BF1608E11792}.Release|x86.ActiveCfg = Release|Any CPU
		{90D1313B-3287-497A-A956-BF1608E11792}.Release|x86.Build.0 = Release|Any CPU
		{BA0A2027-8C06-4538-9591-D7D3A9F0068B}.Debug|Any CPU.ActiveCfg = Debug|Any CPU
		{BA0A2027-8C06-4538-9591-D7D3A9F0068B}.Debug|Any CPU.Build.0 = Debug|Any CPU
		{BA0A2027-8C06-4538-9591-D7D3A9F0068B}.Debug|ARM.ActiveCfg = Debug|Any CPU
		{BA0A2027-8C06-4538-9591-D7D3A9F0068B}.Debug|ARM.Build.0 = Debug|Any CPU
		{BA0A2027-8C06-4538-9591-D7D3A9F0068B}.Debug|ARM64.ActiveCfg = Debug|Any CPU
		{BA0A2027-8C06-4538-9591-D7D3A9F0068B}.Debug|ARM64.Build.0 = Debug|Any CPU
		{BA0A2027-8C06-4538-9591-D7D3A9F0068B}.Debug|x64.ActiveCfg = Debug|Any CPU
		{BA0A2027-8C06-4538-9591-D7D3A9F0068B}.Debug|x64.Build.0 = Debug|Any CPU
		{BA0A2027-8C06-4538-9591-D7D3A9F0068B}.Debug|x86.ActiveCfg = Debug|Any CPU
		{BA0A2027-8C06-4538-9591-D7D3A9F0068B}.Debug|x86.Build.0 = Debug|Any CPU
		{BA0A2027-8C06-4538-9591-D7D3A9F0068B}.Release|Any CPU.ActiveCfg = Release|Any CPU
		{BA0A2027-8C06-4538-9591-D7D3A9F0068B}.Release|Any CPU.Build.0 = Release|Any CPU
		{BA0A2027-8C06-4538-9591-D7D3A9F0068B}.Release|ARM.ActiveCfg = Release|Any CPU
		{BA0A2027-8C06-4538-9591-D7D3A9F0068B}.Release|ARM.Build.0 = Release|Any CPU
		{BA0A2027-8C06-4538-9591-D7D3A9F0068B}.Release|ARM64.ActiveCfg = Release|Any CPU
		{BA0A2027-8C06-4538-9591-D7D3A9F0068B}.Release|ARM64.Build.0 = Release|Any CPU
		{BA0A2027-8C06-4538-9591-D7D3A9F0068B}.Release|x64.ActiveCfg = Release|Any CPU
		{BA0A2027-8C06-4538-9591-D7D3A9F0068B}.Release|x64.Build.0 = Release|Any CPU
		{BA0A2027-8C06-4538-9591-D7D3A9F0068B}.Release|x86.ActiveCfg = Release|Any CPU
		{BA0A2027-8C06-4538-9591-D7D3A9F0068B}.Release|x86.Build.0 = Release|Any CPU
		{021FAAD9-BAAE-4E4B-AF20-F051C0126614}.Debug|Any CPU.ActiveCfg = Debug|Any CPU
		{021FAAD9-BAAE-4E4B-AF20-F051C0126614}.Debug|Any CPU.Build.0 = Debug|Any CPU
		{021FAAD9-BAAE-4E4B-AF20-F051C0126614}.Debug|ARM.ActiveCfg = Debug|Any CPU
		{021FAAD9-BAAE-4E4B-AF20-F051C0126614}.Debug|ARM.Build.0 = Debug|Any CPU
		{021FAAD9-BAAE-4E4B-AF20-F051C0126614}.Debug|ARM64.ActiveCfg = Debug|Any CPU
		{021FAAD9-BAAE-4E4B-AF20-F051C0126614}.Debug|ARM64.Build.0 = Debug|Any CPU
		{021FAAD9-BAAE-4E4B-AF20-F051C0126614}.Debug|x64.ActiveCfg = Debug|Any CPU
		{021FAAD9-BAAE-4E4B-AF20-F051C0126614}.Debug|x64.Build.0 = Debug|Any CPU
		{021FAAD9-BAAE-4E4B-AF20-F051C0126614}.Debug|x86.ActiveCfg = Debug|Any CPU
		{021FAAD9-BAAE-4E4B-AF20-F051C0126614}.Debug|x86.Build.0 = Debug|Any CPU
		{021FAAD9-BAAE-4E4B-AF20-F051C0126614}.Release|Any CPU.ActiveCfg = Release|Any CPU
		{021FAAD9-BAAE-4E4B-AF20-F051C0126614}.Release|Any CPU.Build.0 = Release|Any CPU
		{021FAAD9-BAAE-4E4B-AF20-F051C0126614}.Release|ARM.ActiveCfg = Release|Any CPU
		{021FAAD9-BAAE-4E4B-AF20-F051C0126614}.Release|ARM.Build.0 = Release|Any CPU
		{021FAAD9-BAAE-4E4B-AF20-F051C0126614}.Release|ARM64.ActiveCfg = Release|Any CPU
		{021FAAD9-BAAE-4E4B-AF20-F051C0126614}.Release|ARM64.Build.0 = Release|Any CPU
		{021FAAD9-BAAE-4E4B-AF20-F051C0126614}.Release|x64.ActiveCfg = Release|Any CPU
		{021FAAD9-BAAE-4E4B-AF20-F051C0126614}.Release|x64.Build.0 = Release|Any CPU
		{021FAAD9-BAAE-4E4B-AF20-F051C0126614}.Release|x86.ActiveCfg = Release|Any CPU
		{021FAAD9-BAAE-4E4B-AF20-F051C0126614}.Release|x86.Build.0 = Release|Any CPU
		{97C469CB-1F2F-492E-B42D-21AB675965DF}.Debug|Any CPU.ActiveCfg = Debug|Any CPU
		{97C469CB-1F2F-492E-B42D-21AB675965DF}.Debug|Any CPU.Build.0 = Debug|Any CPU
		{97C469CB-1F2F-492E-B42D-21AB675965DF}.Debug|ARM.ActiveCfg = Debug|Any CPU
		{97C469CB-1F2F-492E-B42D-21AB675965DF}.Debug|ARM.Build.0 = Debug|Any CPU
		{97C469CB-1F2F-492E-B42D-21AB675965DF}.Debug|ARM64.ActiveCfg = Debug|Any CPU
		{97C469CB-1F2F-492E-B42D-21AB675965DF}.Debug|ARM64.Build.0 = Debug|Any CPU
		{97C469CB-1F2F-492E-B42D-21AB675965DF}.Debug|x64.ActiveCfg = Debug|Any CPU
		{97C469CB-1F2F-492E-B42D-21AB675965DF}.Debug|x64.Build.0 = Debug|Any CPU
		{97C469CB-1F2F-492E-B42D-21AB675965DF}.Debug|x86.ActiveCfg = Debug|Any CPU
		{97C469CB-1F2F-492E-B42D-21AB675965DF}.Debug|x86.Build.0 = Debug|Any CPU
		{97C469CB-1F2F-492E-B42D-21AB675965DF}.Release|Any CPU.ActiveCfg = Release|Any CPU
		{97C469CB-1F2F-492E-B42D-21AB675965DF}.Release|Any CPU.Build.0 = Release|Any CPU
		{97C469CB-1F2F-492E-B42D-21AB675965DF}.Release|ARM.ActiveCfg = Release|Any CPU
		{97C469CB-1F2F-492E-B42D-21AB675965DF}.Release|ARM.Build.0 = Release|Any CPU
		{97C469CB-1F2F-492E-B42D-21AB675965DF}.Release|ARM64.ActiveCfg = Release|Any CPU
		{97C469CB-1F2F-492E-B42D-21AB675965DF}.Release|ARM64.Build.0 = Release|Any CPU
		{97C469CB-1F2F-492E-B42D-21AB675965DF}.Release|x64.ActiveCfg = Release|Any CPU
		{97C469CB-1F2F-492E-B42D-21AB675965DF}.Release|x64.Build.0 = Release|Any CPU
		{97C469CB-1F2F-492E-B42D-21AB675965DF}.Release|x86.ActiveCfg = Release|Any CPU
		{97C469CB-1F2F-492E-B42D-21AB675965DF}.Release|x86.Build.0 = Release|Any CPU
		{2931E158-6013-4108-ADA2-B524904E5E2A}.Debug|Any CPU.ActiveCfg = Debug|Any CPU
		{2931E158-6013-4108-ADA2-B524904E5E2A}.Debug|Any CPU.Build.0 = Debug|Any CPU
		{2931E158-6013-4108-ADA2-B524904E5E2A}.Debug|ARM.ActiveCfg = Debug|Any CPU
		{2931E158-6013-4108-ADA2-B524904E5E2A}.Debug|ARM.Build.0 = Debug|Any CPU
		{2931E158-6013-4108-ADA2-B524904E5E2A}.Debug|ARM64.ActiveCfg = Debug|Any CPU
		{2931E158-6013-4108-ADA2-B524904E5E2A}.Debug|ARM64.Build.0 = Debug|Any CPU
		{2931E158-6013-4108-ADA2-B524904E5E2A}.Debug|x64.ActiveCfg = Debug|Any CPU
		{2931E158-6013-4108-ADA2-B524904E5E2A}.Debug|x64.Build.0 = Debug|Any CPU
		{2931E158-6013-4108-ADA2-B524904E5E2A}.Debug|x86.ActiveCfg = Debug|Any CPU
		{2931E158-6013-4108-ADA2-B524904E5E2A}.Debug|x86.Build.0 = Debug|Any CPU
		{2931E158-6013-4108-ADA2-B524904E5E2A}.Release|Any CPU.ActiveCfg = Release|Any CPU
		{2931E158-6013-4108-ADA2-B524904E5E2A}.Release|Any CPU.Build.0 = Release|Any CPU
		{2931E158-6013-4108-ADA2-B524904E5E2A}.Release|ARM.ActiveCfg = Release|Any CPU
		{2931E158-6013-4108-ADA2-B524904E5E2A}.Release|ARM.Build.0 = Release|Any CPU
		{2931E158-6013-4108-ADA2-B524904E5E2A}.Release|ARM64.ActiveCfg = Release|Any CPU
		{2931E158-6013-4108-ADA2-B524904E5E2A}.Release|ARM64.Build.0 = Release|Any CPU
		{2931E158-6013-4108-ADA2-B524904E5E2A}.Release|x64.ActiveCfg = Release|Any CPU
		{2931E158-6013-4108-ADA2-B524904E5E2A}.Release|x64.Build.0 = Release|Any CPU
		{2931E158-6013-4108-ADA2-B524904E5E2A}.Release|x86.ActiveCfg = Release|Any CPU
		{2931E158-6013-4108-ADA2-B524904E5E2A}.Release|x86.Build.0 = Release|Any CPU
		{D7333FB0-0326-4D71-BDD7-11C0A5809B8D}.Debug|Any CPU.ActiveCfg = Debug|Any CPU
		{D7333FB0-0326-4D71-BDD7-11C0A5809B8D}.Debug|Any CPU.Build.0 = Debug|Any CPU
		{D7333FB0-0326-4D71-BDD7-11C0A5809B8D}.Debug|ARM.ActiveCfg = Debug|Any CPU
		{D7333FB0-0326-4D71-BDD7-11C0A5809B8D}.Debug|ARM.Build.0 = Debug|Any CPU
		{D7333FB0-0326-4D71-BDD7-11C0A5809B8D}.Debug|ARM64.ActiveCfg = Debug|Any CPU
		{D7333FB0-0326-4D71-BDD7-11C0A5809B8D}.Debug|ARM64.Build.0 = Debug|Any CPU
		{D7333FB0-0326-4D71-BDD7-11C0A5809B8D}.Debug|x64.ActiveCfg = Debug|Any CPU
		{D7333FB0-0326-4D71-BDD7-11C0A5809B8D}.Debug|x64.Build.0 = Debug|Any CPU
		{D7333FB0-0326-4D71-BDD7-11C0A5809B8D}.Debug|x86.ActiveCfg = Debug|Any CPU
		{D7333FB0-0326-4D71-BDD7-11C0A5809B8D}.Debug|x86.Build.0 = Debug|Any CPU
		{D7333FB0-0326-4D71-BDD7-11C0A5809B8D}.Release|Any CPU.ActiveCfg = Release|Any CPU
		{D7333FB0-0326-4D71-BDD7-11C0A5809B8D}.Release|Any CPU.Build.0 = Release|Any CPU
		{D7333FB0-0326-4D71-BDD7-11C0A5809B8D}.Release|ARM.ActiveCfg = Release|Any CPU
		{D7333FB0-0326-4D71-BDD7-11C0A5809B8D}.Release|ARM.Build.0 = Release|Any CPU
		{D7333FB0-0326-4D71-BDD7-11C0A5809B8D}.Release|ARM64.ActiveCfg = Release|Any CPU
		{D7333FB0-0326-4D71-BDD7-11C0A5809B8D}.Release|ARM64.Build.0 = Release|Any CPU
		{D7333FB0-0326-4D71-BDD7-11C0A5809B8D}.Release|x64.ActiveCfg = Release|Any CPU
		{D7333FB0-0326-4D71-BDD7-11C0A5809B8D}.Release|x64.Build.0 = Release|Any CPU
		{D7333FB0-0326-4D71-BDD7-11C0A5809B8D}.Release|x86.ActiveCfg = Release|Any CPU
		{D7333FB0-0326-4D71-BDD7-11C0A5809B8D}.Release|x86.Build.0 = Release|Any CPU
		{FC991055-4C41-482C-ABB3-057F72901E6D}.Debug|Any CPU.ActiveCfg = Debug|Any CPU
		{FC991055-4C41-482C-ABB3-057F72901E6D}.Debug|Any CPU.Build.0 = Debug|Any CPU
		{FC991055-4C41-482C-ABB3-057F72901E6D}.Debug|ARM.ActiveCfg = Debug|Any CPU
		{FC991055-4C41-482C-ABB3-057F72901E6D}.Debug|ARM.Build.0 = Debug|Any CPU
		{FC991055-4C41-482C-ABB3-057F72901E6D}.Debug|ARM64.ActiveCfg = Debug|Any CPU
		{FC991055-4C41-482C-ABB3-057F72901E6D}.Debug|ARM64.Build.0 = Debug|Any CPU
		{FC991055-4C41-482C-ABB3-057F72901E6D}.Debug|x64.ActiveCfg = Debug|Any CPU
		{FC991055-4C41-482C-ABB3-057F72901E6D}.Debug|x64.Build.0 = Debug|Any CPU
		{FC991055-4C41-482C-ABB3-057F72901E6D}.Debug|x86.ActiveCfg = Debug|Any CPU
		{FC991055-4C41-482C-ABB3-057F72901E6D}.Debug|x86.Build.0 = Debug|Any CPU
		{FC991055-4C41-482C-ABB3-057F72901E6D}.Release|Any CPU.ActiveCfg = Release|Any CPU
		{FC991055-4C41-482C-ABB3-057F72901E6D}.Release|Any CPU.Build.0 = Release|Any CPU
		{FC991055-4C41-482C-ABB3-057F72901E6D}.Release|ARM.ActiveCfg = Release|Any CPU
		{FC991055-4C41-482C-ABB3-057F72901E6D}.Release|ARM.Build.0 = Release|Any CPU
		{FC991055-4C41-482C-ABB3-057F72901E6D}.Release|ARM64.ActiveCfg = Release|Any CPU
		{FC991055-4C41-482C-ABB3-057F72901E6D}.Release|ARM64.Build.0 = Release|Any CPU
		{FC991055-4C41-482C-ABB3-057F72901E6D}.Release|x64.ActiveCfg = Release|Any CPU
		{FC991055-4C41-482C-ABB3-057F72901E6D}.Release|x64.Build.0 = Release|Any CPU
		{FC991055-4C41-482C-ABB3-057F72901E6D}.Release|x86.ActiveCfg = Release|Any CPU
		{FC991055-4C41-482C-ABB3-057F72901E6D}.Release|x86.Build.0 = Release|Any CPU
		{726B7E76-36D6-4D70-973E-BFC593D85136}.Debug|Any CPU.ActiveCfg = Debug|Any CPU
		{726B7E76-36D6-4D70-973E-BFC593D85136}.Debug|Any CPU.Build.0 = Debug|Any CPU
		{726B7E76-36D6-4D70-973E-BFC593D85136}.Debug|ARM.ActiveCfg = Debug|Any CPU
		{726B7E76-36D6-4D70-973E-BFC593D85136}.Debug|ARM.Build.0 = Debug|Any CPU
		{726B7E76-36D6-4D70-973E-BFC593D85136}.Debug|ARM64.ActiveCfg = Debug|Any CPU
		{726B7E76-36D6-4D70-973E-BFC593D85136}.Debug|ARM64.Build.0 = Debug|Any CPU
		{726B7E76-36D6-4D70-973E-BFC593D85136}.Debug|x64.ActiveCfg = Debug|Any CPU
		{726B7E76-36D6-4D70-973E-BFC593D85136}.Debug|x64.Build.0 = Debug|Any CPU
		{726B7E76-36D6-4D70-973E-BFC593D85136}.Debug|x86.ActiveCfg = Debug|Any CPU
		{726B7E76-36D6-4D70-973E-BFC593D85136}.Debug|x86.Build.0 = Debug|Any CPU
		{726B7E76-36D6-4D70-973E-BFC593D85136}.Release|Any CPU.ActiveCfg = Release|Any CPU
		{726B7E76-36D6-4D70-973E-BFC593D85136}.Release|Any CPU.Build.0 = Release|Any CPU
		{726B7E76-36D6-4D70-973E-BFC593D85136}.Release|ARM.ActiveCfg = Release|Any CPU
		{726B7E76-36D6-4D70-973E-BFC593D85136}.Release|ARM.Build.0 = Release|Any CPU
		{726B7E76-36D6-4D70-973E-BFC593D85136}.Release|ARM64.ActiveCfg = Release|Any CPU
		{726B7E76-36D6-4D70-973E-BFC593D85136}.Release|ARM64.Build.0 = Release|Any CPU
		{726B7E76-36D6-4D70-973E-BFC593D85136}.Release|x64.ActiveCfg = Release|Any CPU
		{726B7E76-36D6-4D70-973E-BFC593D85136}.Release|x64.Build.0 = Release|Any CPU
		{726B7E76-36D6-4D70-973E-BFC593D85136}.Release|x86.ActiveCfg = Release|Any CPU
		{726B7E76-36D6-4D70-973E-BFC593D85136}.Release|x86.Build.0 = Release|Any CPU
	EndGlobalSection
	GlobalSection(SolutionProperties) = preSolution
		HideSolutionNode = FALSE
	EndGlobalSection
	GlobalSection(ExtensibilityGlobals) = postSolution
		SolutionGuid = {F6887EFA-38D2-46BE-9F65-D7AB7A228F09}
	EndGlobalSection
EndGlobal
